# This file is automatically @generated by Cargo.
# It is not intended for manual editing.
version = 3

[[package]]
name = "example01"
version = "0.1.0"

[[package]]
name = "example02"
version = "0.1.0"

[[package]]
name = "example03"
version = "0.1.0"

[[package]]
name = "example0310"
version = "0.1.0"

[[package]]
name = "example0311"
version = "0.1.0"

[[package]]
name = "example0312"
version = "0.1.0"

[[package]]
name = "example0313"
version = "0.1.0"

[[package]]
name = "example0314"
version = "0.1.0"

[[package]]
name = "example0315"
version = "0.1.0"

[[package]]
name = "example0316"
version = "0.1.0"

[[package]]
name = "example0317"
version = "0.1.0"

[[package]]
name = "example0318"
version = "0.1.0"

[[package]]
name = "example0319"
version = "0.1.0"

[[package]]
name = "example0320"
version = "0.1.0"

[[package]]
name = "example0321"
version = "0.1.0"

[[package]]
name = "example0322"
version = "0.1.0"

[[package]]
name = "example0323"
version = "0.1.0"

[[package]]
name = "example0324"
version = "0.1.0"

[[package]]
name = "example0326"
version = "0.1.0"

[[package]]
name = "example0327"
version = "0.1.0"

[[package]]
name = "example0328"
version = "0.1.0"

[[package]]
name = "example0329"
version = "0.1.0"

[[package]]
name = "example0330"
version = "0.1.0"

[[package]]
name = "example0331"
version = "0.1.0"

[[package]]
name = "example0332"
version = "0.1.0"

[[package]]
name = "example0334"
version = "0.1.0"

[[package]]
name = "example0335"
version = "0.1.0"

[[package]]
name = "example0336"
version = "0.1.0"

[[package]]
name = "example04"
version = "0.1.0"

[[package]]
name = "example05"
version = "0.1.0"

[[package]]
name = "example06"
version = "0.1.0"

[[package]]
name = "example07"
version = "0.1.0"

[[package]]
name = "example08"
version = "0.1.0"

[[package]]
name = "example09"
version = "0.1.0"

[[package]]
name = "example1"
version = "0.1.0"

[[package]]
name = "example10"
version = "0.1.0"

[[package]]
name = "example11"
version = "0.1.0"

[[package]]
name = "example12"
version = "0.1.0"

[[package]]
name = "example13"
version = "0.1.0"

[[package]]
name = "example14"
version = "0.1.0"

[[package]]
name = "example15"
version = "0.1.0"

[[package]]
name = "example16"
version = "0.1.0"

[[package]]
name = "example17"
version = "0.1.0"

[[package]]
name = "example18"
version = "0.1.0"

[[package]]
name = "example2"
version = "0.1.0"

[[package]]
name = "example20"
version = "0.1.0"

[[package]]
name = "example21"
version = "0.1.0"

[[package]]
name = "example22"
version = "0.1.0"

[[package]]
name = "example23"
version = "0.1.0"

[[package]]
name = "example24"
version = "0.1.0"

[[package]]
name = "example25"
version = "0.1.0"

[[package]]
name = "example26"
version = "0.1.0"

[[package]]
name = "example27"
version = "0.1.0"

[[package]]
name = "example28"
version = "0.1.0"

[[package]]
name = "example29"
version = "0.1.0"

[[package]]
name = "example3"
version = "0.1.0"

[[package]]
name = "example30"
version = "0.1.0"

[[package]]
name = "example31"
version = "0.1.0"

[[package]]
name = "example32"
version = "0.1.0"

[[package]]
name = "example33"
version = "0.1.0"

[[package]]
name = "example34"
version = "0.1.0"

[[package]]
name = "example36"
version = "0.1.0"

[[package]]
name = "example37"
version = "0.1.0"

[[package]]
name = "example38"
version = "0.1.0"

[[package]]
name = "example39"
version = "0.1.0"

[[package]]
name = "example4"
version = "0.1.0"

[[package]]
name = "example40"
version = "0.1.0"

[[package]]
name = "example41"
version = "0.1.0"

[[package]]
name = "example42"
version = "0.1.0"

[[package]]
name = "example43"
version = "0.1.0"

[[package]]
name = "example44"
version = "0.1.0"

[[package]]
name = "example45"
version = "0.1.0"

[[package]]
name = "example46"
version = "0.1.0"

[[package]]
name = "example47"
version = "0.1.0"

[[package]]
name = "example48"
version = "0.1.0"

[[package]]
name = "example49"
version = "0.1.0"

[[package]]
name = "example5"
version = "0.1.0"

[[package]]
name = "example50"
version = "0.1.0"

[[package]]
name = "example52"
version = "0.1.0"

[[package]]
name = "example53"
version = "0.1.0"

[[package]]
name = "example54"
version = "0.1.0"

[[package]]
name = "example55"
version = "0.1.0"

[[package]]
name = "example56"
version = "0.1.0"

[[package]]
name = "example57"
version = "0.1.0"

[[package]]
name = "example58"
version = "0.1.0"

[[package]]
name = "example59"
version = "0.1.0"

[[package]]
name = "example6"
version = "0.1.0"

[[package]]
name = "example8"
version = "0.1.0"

[[package]]
name = "example9"
version = "0.1.0"
